// !$*UTF8*$!
{
	archiveVersion = 1;
	classes = {
	};
	objectVersion = 77;
	objects = {

/* Begin PBXBuildFile section */
		A311C6022F9C741600CA7838 /* AllTestPlan.xctestplan in Resources */ = {isa = PBXBuildFile; fileRef = A311C6012F9C741600CA7838 /* AllTestPlan.xctestplan */; };
		B10000042F9D000000CA7838 /* LoggingKit in Frameworks */ = {isa = PBXBuildFile; productRef = B10000062F9D000000CA7838 /* LoggingKit */; };
		B10000012F9D000000CA7838 /* TMDBKit in Frameworks */ = {isa = PBXBuildFile; productRef = B10000032F9D000000CA7838 /* TMDBKit */; };
/* End PBXBuildFile section */

/* Begin PBXContainerItemProxy section */
		A311C5C32F9C52AE00CA7838 /* PBXContainerItemProxy */ = {
			isa = PBXContainerItemProxy;
			containerPortal = A311C5AD2F9C52AD00CA7838 /* Project object */;
			proxyType = 1;
			remoteGlobalIDString = A311C5B42F9C52AD00CA7838;
			remoteInfo = Movies;
		};
		A311C5CD2F9C52AE00CA7838 /* PBXContainerItemProxy */ = {
			isa = PBXContainerItemProxy;
			containerPortal = A311C5AD2F9C52AD00CA7838 /* Project object */;
			proxyType = 1;
			remoteGlobalIDString = A311C5B42F9C52AD00CA7838;
			remoteInfo = Movies;
		};
/* End PBXContainerItemProxy section */

/* Begin PBXFileReference section */
		A20000012FA0000000CA7838 /* Config/Secrets.xcconfig */ = {isa = PBXFileReference; lastKnownFileType = text.xcconfig; path = Config/Secrets.xcconfig; sourceTree = "<group>"; };
		A311C5B52F9C52AD00CA7838 /* Movies.app */ = {isa = PBXFileReference; explicitFileType = wrapper.application; includeInIndex = 0; path = Movies.app; sourceTree = BUILT_PRODUCTS_DIR; };
		A311C5C22F9C52AE00CA7838 /* MoviesTests.xctest */ = {isa = PBXFileReference; explicitFileType = wrapper.cfbundle; includeInIndex = 0; path = MoviesTests.xctest; sourceTree = BUILT_PRODUCTS_DIR; };
		A311C5CC2F9C52AE00CA7838 /* MoviesUITests.xctest */ = {isa = PBXFileReference; explicitFileType = wrapper.cfbundle; includeInIndex = 0; path = MoviesUITests.xctest; sourceTree = BUILT_PRODUCTS_DIR; };
		A311C5F42F9C70D100CA7838 /* TMDBTests.xctest */ = {isa = PBXFileReference; explicitFileType = wrapper.cfbundle; includeInIndex = 0; path = TMDBTests.xctest; sourceTree = BUILT_PRODUCTS_DIR; };
		A311C6012F9C741600CA7838 /* AllTestPlan.xctestplan */ = {isa = PBXFileReference; lastKnownFileType = text; path = AllTestPlan.xctestplan; sourceTree = "<group>"; };
/* End PBXFileReference section */

/* Begin PBXFileSystemSynchronizedBuildFileExceptionSet section */
		A311C7642F9F935F00CA7838 /* Exceptions for "Movies" folder in "Movies" target */ = {
			isa = PBXFileSystemSynchronizedBuildFileExceptionSet;
			membershipExceptions = (
				Info.plist,
			);
			target = A311C5B42F9C52AD00CA7838 /* Movies */;
		};
/* End PBXFileSystemSynchronizedBuildFileExceptionSet section */

/* Begin PBXFileSystemSynchronizedRootGroup section */
		A311C5B72F9C52AD00CA7838 /* Movies */ = {
			isa = PBXFileSystemSynchronizedRootGroup;
			exceptions = (
				A311C7642F9F935F00CA7838 /* Exceptions for "Movies" folder in "Movies" target */,
			);
			path = Movies;
			sourceTree = "<group>";
		};
		A311C5C52F9C52AE00CA7838 /* MoviesTests */ = {
			isa = PBXFileSystemSynchronizedRootGroup;
			path = MoviesTests;
			sourceTree = "<group>";
		};
		A311C5CF2F9C52AE00CA7838 /* MoviesUITests */ = {
			isa = PBXFileSystemSynchronizedRootGroup;
			path = MoviesUITests;
			sourceTree = "<group>";
		};
		A311C5F52F9C70D100CA7838 /* TMDBTests */ = {
			isa = PBXFileSystemSynchronizedRootGroup;
			path = TMDBTests;
			sourceTree = "<group>";
		};
		A311C6002F9C721E00CA7838 /* Packages */ = {
			isa = PBXFileSystemSynchronizedRootGroup;
			path = Packages;
			sourceTree = "<group>";
		};
/* End PBXFileSystemSynchronizedRootGroup section */

/* Begin PBXFrameworksBuildPhase section */
		A311C5B22F9C52AD00CA7838 /* Frameworks */ = {
			isa = PBXFrameworksBuildPhase;
			buildActionMask = 2147483647;
			files = (
				B10000042F9D000000CA7838 /* LoggingKit in Frameworks */,
				B10000012F9D000000CA7838 /* TMDBKit in Frameworks */,
			);
			runOnlyForDeploymentPostprocessing = 0;
		};
		A311C5BF2F9C52AE00CA7838 /* Frameworks */ = {
			isa = PBXFrameworksBuildPhase;
			buildActionMask = 2147483647;
			files = (
			);
			runOnlyForDeploymentPostprocessing = 0;
		};
		A311C5C92F9C52AE00CA7838 /* Frameworks */ = {
			isa = PBXFrameworksBuildPhase;
			buildActionMask = 2147483647;
			files = (
			);
			runOnlyForDeploymentPostprocessing = 0;
		};
		A311C5F12F9C70D100CA7838 /* Frameworks */ = {
			isa = PBXFrameworksBuildPhase;
			buildActionMask = 2147483647;
			files = (
			);
			runOnlyForDeploymentPostprocessing = 0;
		};
/* End PBXFrameworksBuildPhase section */

/* Begin PBXGroup section */
		A311C5AC2F9C52AD00CA7838 = {
			isa = PBXGroup;
			children = (
				A311C6012F9C741600CA7838 /* AllTestPlan.xctestplan */,
				A20000012FA0000000CA7838 /* Config/Secrets.xcconfig */,
				A311C5B72F9C52AD00CA7838 /* Movies */,
				A311C5C52F9C52AE00CA7838 /* MoviesTests */,
				A311C5CF2F9C52AE00CA7838 /* MoviesUITests */,
				A311C5F52F9C70D100CA7838 /* TMDBTests */,
				A311C5B62F9C52AD00CA7838 /* Products */,
				A311C6002F9C721E00CA7838 /* Packages */,
			);
			sourceTree = "<group>";
		};
		A311C5B62F9C52AD00CA7838 /* Products */ = {
			isa = PBXGroup;
			children = (
				A311C5B52F9C52AD00CA7838 /* Movies.app */,
				A311C5C22F9C52AE00CA7838 /* MoviesTests.xctest */,
				A311C5CC2F9C52AE00CA7838 /* MoviesUITests.xctest */,
				A311C5F42F9C70D100CA7838 /* TMDBTests.xctest */,
			);
			name = Products;
			sourceTree = "<group>";
		};
/* End PBXGroup section */

/* Begin PBXNativeTarget section */
		A311C5B42F9C52AD00CA7838 /* Movies */ = {
			isa = PBXNativeTarget;
			buildConfigurationList = A311C5D62F9C52AE00CA7838 /* Build configuration list for PBXNativeTarget "Movies" */;
			buildPhases = (
				A311C5B12F9C52AD00CA7838 /* Sources */,
				A311C5B22F9C52AD00CA7838 /* Frameworks */,
				A311C5B32F9C52AD00CA7838 /* Resources */,
			);
			buildRules = (
			);
			dependencies = (
			);
			fileSystemSynchronizedGroups = (
				A311C5B72F9C52AD00CA7838 /* Movies */,
				A311C6002F9C721E00CA7838 /* Packages */,
			);
			name = Movies;
			packageProductDependencies = (
				B10000062F9D000000CA7838 /* LoggingKit */,
				B10000032F9D000000CA7838 /* TMDBKit */,
			);
			productName = Movies;
			productReference = A311C5B52F9C52AD00CA7838 /* Movies.app */;
			productType = "com.apple.product-type.application";
		};
		A311C5C12F9C52AE00CA7838 /* MoviesTests */ = {
			isa = PBXNativeTarget;
			buildConfigurationList = A311C5D92F9C52AE00CA7838 /* Build configuration list for PBXNativeTarget "MoviesTests" */;
			buildPhases = (
				A311C5BE2F9C52AE00CA7838 /* Sources */,
				A311C5BF2F9C52AE00CA7838 /* Frameworks */,
				A311C5C02F9C52AE00CA7838 /* Resources */,
			);
			buildRules = (
			);
			dependencies = (
				A311C5C42F9C52AE00CA7838 /* PBXTargetDependency */,
			);
			fileSystemSynchronizedGroups = (
				A311C5C52F9C52AE00CA7838 /* MoviesTests */,
			);
			name = MoviesTests;
			packageProductDependencies = (
			);
			productName = MoviesTests;
			productReference = A311C5C22F9C52AE00CA7838 /* MoviesTests.xctest */;
			productType = "com.apple.product-type.bundle.unit-test";
		};
		A311C5CB2F9C52AE00CA7838 /* MoviesUITests */ = {
			isa = PBXNativeTarget;
			buildConfigurationList = A311C5DC2F9C52AE00CA7838 /* Build configuration list for PBXNativeTarget "MoviesUITests" */;
			buildPhases = (
				A311C5C82F9C52AE00CA7838 /* Sources */,
				A311C5C92F9C52AE00CA7838 /* Frameworks */,
				A311C5CA2F9C52AE00CA7838 /* Resources */,
			);
			buildRules = (
			);
			dependencies = (
				A311C5CE2F9C52AE00CA7838 /* PBXTargetDependency */,
			);
			fileSystemSynchronizedGroups = (
				A311C5CF2F9C52AE00CA7838 /* MoviesUITests */,
			);
			name = MoviesUITests;
			packageProductDependencies = (
			);
			productName = MoviesUITests;
			productReference = A311C5CC2F9C52AE00CA7838 /* MoviesUITests.xctest */;
			productType = "com.apple.product-type.bundle.ui-testing";
		};
		A311C5F32F9C70D100CA7838 /* TMDBTests */ = {
			isa = PBXNativeTarget;
			buildConfigurationList = A311C5F82F9C70D100CA7838 /* Build configuration list for PBXNativeTarget "TMDBTests" */;
			buildPhases = (
				A311C5F02F9C70D100CA7838 /* Sources */,
				A311C5F12F9C70D100CA7838 /* Frameworks */,
				A311C5F22F9C70D100CA7838 /* Resources */,
			);
			buildRules = (
			);
			dependencies = (
			);
			fileSystemSynchronizedGroups = (
				A311C5F52F9C70D100CA7838 /* TMDBTests */,
			);
			name = TMDBTests;
			packageProductDependencies = (
			);
			productName = TMDBTests;
			productReference = A311C5F42F9C70D100CA7838 /* TMDBTests.xctest */;
			productType = "com.apple.product-type.bundle.unit-test";
		};
/* End PBXNativeTarget section */

/* Begin PBXProject section */
		A311C5AD2F9C52AD00CA7838 /* Project object */ = {
			isa = PBXProject;
			attributes = {
				BuildIndependentTargetsInParallel = 1;
				LastSwiftUpdateCheck = 2630;
				LastUpgradeCheck = 2630;
				TargetAttributes = {
					A311C5B42F9C52AD00CA7838 = {
						CreatedOnToolsVersion = 26.3;
					};
					A311C5C12F9C52AE00CA7838 = {
						CreatedOnToolsVersion = 26.3;
						TestTargetID = A311C5B42F9C52AD00CA7838;
					};
					A311C5CB2F9C52AE00CA7838 = {
						CreatedOnToolsVersion = 26.3;
						TestTargetID = A311C5B42F9C52AD00CA7838;
					};
					A311C5F32F9C70D100CA7838 = {
						CreatedOnToolsVersion = 26.3;
					};
				};
			};
			buildConfigurationList = A311C5B02F9C52AD00CA7838 /* Build configuration list for PBXProject "Movies" */;
			developmentRegion = en;
			hasScannedForEncodings = 0;
			knownRegions = (
				en,
				Base,
			);
			mainGroup = A311C5AC2F9C52AD00CA7838;
			minimizedProjectReferenceProxies = 1;
			packageReferences = (
				B10000052F9D000000CA7838 /* XCLocalSwiftPackageReference "Packages/LoggingKit" */,
				B10000022F9D000000CA7838 /* XCLocalSwiftPackageReference "Packages/TMDBKit" */,
			);
			preferredProjectObjectVersion = 77;
			productRefGroup = A311C5B62F9C52AD00CA7838 /* Products */;
			projectDirPath = "";
			projectRoot = "";
			targets = (
				A311C5B42F9C52AD00CA7838 /* Movies */,
				A311C5C12F9C52AE00CA7838 /* MoviesTests */,
				A311C5CB2F9C52AE00CA7838 /* MoviesUITests */,
				A311C5F32F9C70D100CA7838 /* TMDBTests */,
			);
		};
/* End PBXProject section */

/* Begin PBXResourcesBuildPhase section */
		A311C5B32F9C52AD00CA7838 /* Resources */ = {
			isa = PBXResourcesBuildPhase;
			buildActionMask = 2147483647;
			files = (
				A311C6022F9C741600CA7838 /* AllTestPlan.xctestplan in Resources */,
			);
			runOnlyForDeploymentPostprocessing = 0;
		};
		A311C5C02F9C52AE00CA7838 /* Resources */ = {
			isa = PBXResourcesBuildPhase;
			buildActionMask = 2147483647;
			files = (
			);
			runOnlyForDeploymentPostprocessing = 0;
		};
		A311C5CA2F9C52AE00CA7838 /* Resources */ = {
			isa = PBXResourcesBuildPhase;
			buildActionMask = 2147483647;
			files = (
			);
			runOnlyForDeploymentPostprocessing = 0;
		};
		A311C5F22F9C70D100CA7838 /* Resources */ = {
			isa = PBXResourcesBuildPhase;
			buildActionMask = 2147483647;
			files = (
			);
			runOnlyForDeploymentPostprocessing = 0;
		};
/* End PBXResourcesBuildPhase section */

/* Begin PBXSourcesBuildPhase section */
		A311C5B12F9C52AD00CA7838 /* Sources */ = {
			isa = PBXSourcesBuildPhase;
			buildActionMask = 2147483647;
			files = (
			);
			runOnlyForDeploymentPostprocessing = 0;
		};
		A311C5BE2F9C52AE00CA7838 /* Sources */ = {
			isa = PBXSourcesBuildPhase;
			buildActionMask = 2147483647;
			files = (
			);
			runOnlyForDeploymentPostprocessing = 0;
		};
		A311C5C82F9C52AE00CA7838 /* Sources */ = {
			isa = PBXSourcesBuildPhase;
			buildActionMask = 2147483647;
			files = (
			);
			runOnlyForDeploymentPostprocessing = 0;
		};
		A311C5F02F9C70D100CA7838 /* Sources */ = {
			isa = PBXSourcesBuildPhase;
			buildActionMask = 2147483647;
			files = (
			);
			runOnlyForDeploymentPostprocessing = 0;
		};
/* End PBXSourcesBuildPhase section */

/* Begin PBXTargetDependency section */
		A311C5C42F9C52AE00CA7838 /* PBXTargetDependency */ = {
			isa = PBXTargetDependency;
			target = A311C5B42F9C52AD00CA7838 /* Movies */;
			targetProxy = A311C5C32F9C52AE00CA7838 /* PBXContainerItemProxy */;
		};
		A311C5CE2F9C52AE00CA7838 /* PBXTargetDependency */ = {
			isa = PBXTargetDependency;
			target = A311C5B42F9C52AD00CA7838 /* Movies */;
			targetProxy = A311C5CD2F9C52AE00CA7838 /* PBXContainerItemProxy */;
		};
/* End PBXTargetDependency section */

/* Begin XCBuildConfiguration section */
		A311C5D42F9C52AE00CA7838 /* Debug */ = {
			isa = XCBuildConfiguration;
			buildSettings = {
				ALWAYS_SEARCH_USER_PATHS = NO;
				ASSETCATALOG_COMPILER_GENERATE_SWIFT_ASSET_SYMBOL_EXTENSIONS = YES;
				CLANG_ANALYZER_NONNULL = YES;
				CLANG_ANALYZER_NUMBER_OBJECT_CONVERSION = YES_AGGRESSIVE;
				CLANG_CXX_LANGUAGE_STANDARD = "gnu++20";
				CLANG_ENABLE_MODULES = YES;
				CLANG_ENABLE_OBJC_ARC = YES;
				CLANG_ENABLE_OBJC_WEAK = YES;
				CLANG_WARN_BLOCK_CAPTURE_AUTORELEASING = YES;
				CLANG_WARN_BOOL_CONVERSION = YES;
				CLANG_WARN_COMMA = YES;
				CLANG_WARN_CONSTANT_CONVERSION = YES;
				CLANG_WARN_DEPRECATED_OBJC_IMPLEMENTATIONS = YES;
				CLANG_WARN_DIRECT_OBJC_ISA_USAGE = YES_ERROR;
				CLANG_WARN_DOCUMENTATION_COMMENTS = YES;
				CLANG_WARN_EMPTY_BODY = YES;
				CLANG_WARN_ENUM_CONVERSION = YES;
				CLANG_WARN_INFINITE_RECURSION = YES;
				CLANG_WARN_INT_CONVERSION = YES;
				CLANG_WARN_NON_LITERAL_NULL_CONVERSION = YES;
				CLANG_WARN_OBJC_IMPLICIT_RETAIN_SELF = YES;
				CLANG_WARN_OBJC_LITERAL_CONVERSION = YES;
				CLANG_WARN_OBJC_ROOT_CLASS = YES_ERROR;
				CLANG_WARN_QUOTED_INCLUDE_IN_FRAMEWORK_HEADER = YES;
				CLANG_WARN_RANGE_LOOP_ANALYSIS = YES;
				CLANG_WARN_STRICT_PROTOTYPES = YES;
				CLANG_WARN_SUSPICIOUS_MOVE = YES;
				CLANG_WARN_UNGUARDED_AVAILABILITY = YES_AGGRESSIVE;
				CLANG_WARN_UNREACHABLE_CODE = YES;
				CLANG_WARN__DUPLICATE_METHOD_MATCH = YES;
				COPY_PHASE_STRIP = NO;
				DEBUG_INFORMATION_FORMAT = dwarf;
				ENABLE_STRICT_OBJC_MSGSEND = YES;
				ENABLE_TESTABILITY = YES;
				ENABLE_USER_SCRIPT_SANDBOXING = YES;
				GCC_C_LANGUAGE_STANDARD = gnu17;
				GCC_DYNAMIC_NO_PIC = NO;
				GCC_NO_COMMON_BLOCKS = YES;
				GCC_OPTIMIZATION_LEVEL = 0;
				GCC_PREPROCESSOR_DEFINITIONS = (
					"DEBUG=1",
					"$(inherited)",
				);
				GCC_WARN_64_TO_32_BIT_CONVERSION = YES;
				GCC_WARN_ABOUT_RETURN_TYPE = YES_ERROR;
				GCC_WARN_UNDECLARED_SELECTOR = YES;
				GCC_WARN_UNINITIALIZED_AUTOS = YES_AGGRESSIVE;
				GCC_WARN_UNUSED_FUNCTION = YES;
				GCC_WARN_UNUSED_VARIABLE = YES;
				IPHONEOS_DEPLOYMENT_TARGET = 26.2;
				LOCALIZATION_PREFERS_STRING_CATALOGS = YES;
				MTL_ENABLE_DEBUG_INFO = INCLUDE_SOURCE;
				MTL_FAST_MATH = YES;
				ONLY_ACTIVE_ARCH = YES;
				SDKROOT = iphoneos;
				SWIFT_ACTIVE_COMPILATION_CONDITIONS = "DEBUG $(inherited)";
				SWIFT_OPTIMIZATION_LEVEL = "-Onone";
			};
			name = Debug;
		};
		A311C5D52F9C52AE00CA7838 /* Release */ = {
			isa = XCBuildConfiguration;
			buildSettings = {
				ALWAYS_SEARCH_USER_PATHS = NO;
				ASSETCATALOG_COMPILER_GENERATE_SWIFT_ASSET_SYMBOL_EXTENSIONS = YES;
				CLANG_ANALYZER_NONNULL = YES;
				CLANG_ANALYZER_NUMBER_OBJECT_CONVERSION = YES_AGGRESSIVE;
				CLANG_CXX_LANGUAGE_STANDARD = "gnu++20";
				CLANG_ENABLE_MODULES = YES;
				CLANG_ENABLE_OBJC_ARC = YES;
				CLANG_ENABLE_OBJC_WEAK = YES;
				CLANG_WARN_BLOCK_CAPTURE_AUTORELEASING = YES;
				CLANG_WARN_BOOL_CONVERSION = YES;
				CLANG_WARN_COMMA = YES;
				CLANG_WARN_CONSTANT_CONVERSION = YES;
				CLANG_WARN_DEPRECATED_OBJC_IMPLEMENTATIONS = YES;
				CLANG_WARN_DIRECT_OBJC_ISA_USAGE = YES_ERROR;
				CLANG_WARN_DOCUMENTATION_COMMENTS = YES;
				CLANG_WARN_EMPTY_BODY = YES;
				CLANG_WARN_ENUM_CONVERSION = YES;
				CLANG_WARN_INFINITE_RECURSION = YES;
				CLANG_WARN_INT_CONVERSION = YES;
				CLANG_WARN_NON_LITERAL_NULL_CONVERSION = YES;
				CLANG_WARN_OBJC_IMPLICIT_RETAIN_SELF = YES;
				CLANG_WARN_OBJC_LITERAL_CONVERSION = YES;
				CLANG_WARN_OBJC_ROOT_CLASS = YES_ERROR;
				CLANG_WARN_QUOTED_INCLUDE_IN_FRAMEWORK_HEADER = YES;
				CLANG_WARN_RANGE_LOOP_ANALYSIS = YES;
				CLANG_WARN_STRICT_PROTOTYPES = YES;
				CLANG_WARN_SUSPICIOUS_MOVE = YES;
				CLANG_WARN_UNGUARDED_AVAILABILITY = YES_AGGRESSIVE;
				CLANG_WARN_UNREACHABLE_CODE = YES;
				CLANG_WARN__DUPLICATE_METHOD_MATCH = YES;
				COPY_PHASE_STRIP = NO;
				DEBUG_INFORMATION_FORMAT = "dwarf-with-dsym";
				ENABLE_NS_ASSERTIONS = NO;
				ENABLE_STRICT_OBJC_MSGSEND = YES;
				ENABLE_USER_SCRIPT_SANDBOXING = YES;
				GCC_C_LANGUAGE_STANDARD = gnu17;
				GCC_NO_COMMON_BLOCKS = YES;
				GCC_WARN_64_TO_32_BIT_CONVERSION = YES;
				GCC_WARN_ABOUT_RETURN_TYPE = YES_ERROR;
				GCC_WARN_UNDECLARED_SELECTOR = YES;
				GCC_WARN_UNINITIALIZED_AUTOS = YES_AGGRESSIVE;
				GCC_WARN_UNUSED_FUNCTION = YES;
				GCC_WARN_UNUSED_VARIABLE = YES;
				IPHONEOS_DEPLOYMENT_TARGET = 26.2;
				LOCALIZATION_PREFERS_STRING_CATALOGS = YES;
				MTL_ENABLE_DEBUG_INFO = NO;
				MTL_FAST_MATH = YES;
				SDKROOT = iphoneos;
				SWIFT_COMPILATION_MODE = wholemodule;
				VALIDATE_PRODUCT = YES;
			};
			name = Release;
		};
		A311C5D72F9C52AE00CA7838 /* Debug */ = {
			isa = XCBuildConfiguration;
			baseConfigurationReference = A20000012FA0000000CA7838 /* Config/Secrets.xcconfig */;
			buildSettings = {
				ASSETCATALOG_COMPILER_APPICON_NAME = AppIcon;
				ASSETCATALOG_COMPILER_GLOBAL_ACCENT_COLOR_NAME = AccentColor;
				CODE_SIGN_STYLE = Automatic;
				CURRENT_PROJECT_VERSION = 1;
				ENABLE_PREVIEWS = YES;
				GENERATE_INFOPLIST_FILE = NO;
				INFOPLIST_FILE = Movies/Info.plist;
				LD_RUNPATH_SEARCH_PATHS = (
					"$(inherited)",
					"@executable_path/Frameworks",
				);
				MARKETING_VERSION = 1.0;
				PRODUCT_BUNDLE_IDENTIFIER = com.acps.com.Movies;
				PRODUCT_NAME = "$(TARGET_NAME)";
				STRING_CATALOG_GENERATE_SYMBOLS = YES;
				SWIFT_APPROACHABLE_CONCURRENCY = YES;
				SWIFT_DEFAULT_ACTOR_ISOLATION = MainActor;
				SWIFT_EMIT_LOC_STRINGS = YES;
				SWIFT_UPCOMING_FEATURE_MEMBER_IMPORT_VISIBILITY = YES;
				SWIFT_VERSION = 5.0;
				TARGETED_DEVICE_FAMILY = "1,2";
			};
			name = Debug;
		};
		A311C5D82F9C52AE00CA7838 /* Release */ = {
			isa = XCBuildConfiguration;
			baseConfigurationReference = A20000012FA0000000CA7838 /* Config/Secrets.xcconfig */;
			buildSettings = {
				ASSETCATALOG_COMPILER_APPICON_NAME = AppIcon;
				ASSETCATALOG_COMPILER_GLOBAL_ACCENT_COLOR_NAME = AccentColor;
				CODE_SIGN_STYLE = Automatic;
				CURRENT_PROJECT_VERSION = 1;
				ENABLE_PREVIEWS = YES;
				GENERATE_INFOPLIST_FILE = NO;
				INFOPLIST_FILE = Movies/Info.plist;
				LD_RUNPATH_SEARCH_PATHS = (
					"$(inherited)",
					"@executable_path/Frameworks",
				);
				MARKETING_VERSION = 1.0;
				PRODUCT_BUNDLE_IDENTIFIER = com.acps.com.Movies;
				PRODUCT_NAME = "$(TARGET_NAME)";
				STRING_CATALOG_GENERATE_SYMBOLS = YES;
				SWIFT_APPROACHABLE_CONCURRENCY = YES;
				SWIFT_DEFAULT_ACTOR_ISOLATION = MainActor;
				SWIFT_EMIT_LOC_STRINGS = YES;
				SWIFT_UPCOMING_FEATURE_MEMBER_IMPORT_VISIBILITY = YES;
				SWIFT_VERSION = 5.0;
				TARGETED_DEVICE_FAMILY = "1,2";
			};
			name = Release;
		};
		A311C5DA2F9C52AE00CA7838 /* Debug */ = {
			isa = XCBuildConfiguration;
			buildSettings = {
				BUNDLE_LOADER = "$(TEST_HOST)";
				CODE_SIGN_STYLE = Automatic;
				CURRENT_PROJECT_VERSION = 1;
				GENERATE_INFOPLIST_FILE = YES;
				IPHONEOS_DEPLOYMENT_TARGET = 26.2;
				MARKETING_VERSION = 1.0;
				PRODUCT_BUNDLE_IDENTIFIER = com.acps.com.MoviesTests;
				PRODUCT_NAME = "$(TARGET_NAME)";
				STRING_CATALOG_GENERATE_SYMBOLS = NO;
				SWIFT_APPROACHABLE_CONCURRENCY = YES;
				SWIFT_EMIT_LOC_STRINGS = NO;
				SWIFT_UPCOMING_FEATURE_MEMBER_IMPORT_VISIBILITY = YES;
				SWIFT_VERSION = 5.0;
				TARGETED_DEVICE_FAMILY = "1,2";
				TEST_HOST = "$(BUILT_PRODUCTS_DIR)/Movies.app/$(BUNDLE_EXECUTABLE_FOLDER_PATH)/Movies";
			};
			name = Debug;
		};
		A311C5DB2F9C52AE00CA7838 /* Release */ = {
			isa = XCBuildConfiguration;
			buildSettings = {
				BUNDLE_LOADER = "$(TEST_HOST)";
				CODE_SIGN_STYLE = Automatic;
				CURRENT_PROJECT_VERSION = 1;
				GENERATE_INFOPLIST_FILE = YES;
				IPHONEOS_DEPLOYMENT_TARGET = 26.2;
				MARKETING_VERSION = 1.0;
				PRODUCT_BUNDLE_IDENTIFIER = com.acps.com.MoviesTests;
				PRODUCT_NAME = "$(TARGET_NAME)";
				STRING_CATALOG_GENERATE_SYMBOLS = NO;
				SWIFT_APPROACHABLE_CONCURRENCY = YES;
				SWIFT_EMIT_LOC_STRINGS = NO;
				SWIFT_UPCOMING_FEATURE_MEMBER_IMPORT_VISIBILITY = YES;
				SWIFT_VERSION = 5.0;
				TARGETED_DEVICE_FAMILY = "1,2";
				TEST_HOST = "$(BUILT_PRODUCTS_DIR)/Movies.app/$(BUNDLE_EXECUTABLE_FOLDER_PATH)/Movies";
			};
			name = Release;
		};
		A311C5DD2F9C52AE00CA7838 /* Debug */ = {
			isa = XCBuildConfiguration;
			buildSettings = {
				CODE_SIGN_STYLE = Automatic;
				CURRENT_PROJECT_VERSION = 1;
				GENERATE_INFOPLIST_FILE = YES;
				MARKETING_VERSION = 1.0;
				PRODUCT_BUNDLE_IDENTIFIER = com.acps.com.MoviesUITests;
				PRODUCT_NAME = "$(TARGET_NAME)";
				STRING_CATALOG_GENERATE_SYMBOLS = NO;
				SWIFT_APPROACHABLE_CONCURRENCY = YES;
				SWIFT_EMIT_LOC_STRINGS = NO;
				SWIFT_UPCOMING_FEATURE_MEMBER_IMPORT_VISIBILITY = YES;
				SWIFT_VERSION = 5.0;
				TARGETED_DEVICE_FAMILY = "1,2";
				TEST_TARGET_NAME = Movies;
			};
			name = Debug;
		};
		A311C5DE2F9C52AE00CA7838 /* Release */ = {
			isa = XCBuildConfiguration;
			buildSettings = {
				CODE_SIGN_STYLE = Automatic;
				CURRENT_PROJECT_VERSION = 1;
				GENERATE_INFOPLIST_FILE = YES;
				MARKETING_VERSION = 1.0;
				PRODUCT_BUNDLE_IDENTIFIER = com.acps.com.MoviesUITests;
				PRODUCT_NAME = "$(TARGET_NAME)";
				STRING_CATALOG_GENERATE_SYMBOLS = NO;
				SWIFT_APPROACHABLE_CONCURRENCY = YES;
				SWIFT_EMIT_LOC_STRINGS = NO;
				SWIFT_UPCOMING_FEATURE_MEMBER_IMPORT_VISIBILITY = YES;
				SWIFT_VERSION = 5.0;
				TARGETED_DEVICE_FAMILY = "1,2";
				TEST_TARGET_NAME = Movies;
			};
			name = Release;
		};
		A311C5F92F9C70D100CA7838 /* Debug */ = {
			isa = XCBuildConfiguration;
			buildSettings = {
				CODE_SIGN_STYLE = Automatic;
				CURRENT_PROJECT_VERSION = 1;
				GENERATE_INFOPLIST_FILE = YES;
				MARKETING_VERSION = 1.0;
				PRODUCT_BUNDLE_IDENTIFIER = com.acps.com.TMDBTests;
				PRODUCT_NAME = "$(TARGET_NAME)";
				STRING_CATALOG_GENERATE_SYMBOLS = NO;
				SWIFT_APPROACHABLE_CONCURRENCY = YES;
				SWIFT_EMIT_LOC_STRINGS = NO;
				SWIFT_UPCOMING_FEATURE_MEMBER_IMPORT_VISIBILITY = YES;
				SWIFT_VERSION = 5.0;
				TARGETED_DEVICE_FAMILY = "1,2";
			};
			name = Debug;
		};
		A311C5FA2F9C70D100CA7838 /* Release */ = {
			isa = XCBuildConfiguration;
			buildSettings = {
				CODE_SIGN_STYLE = Automatic;
				CURRENT_PROJECT_VERSION = 1;
				GENERATE_INFOPLIST_FILE = YES;
				MARKETING_VERSION = 1.0;
				PRODUCT_BUNDLE_IDENTIFIER = com.acps.com.TMDBTests;
				PRODUCT_NAME = "$(TARGET_NAME)";
				STRING_CATALOG_GENERATE_SYMBOLS = NO;
				SWIFT_APPROACHABLE_CONCURRENCY = YES;
				SWIFT_EMIT_LOC_STRINGS = NO;
				SWIFT_UPCOMING_FEATURE_MEMBER_IMPORT_VISIBILITY = YES;
				SWIFT_VERSION = 5.0;
				TARGETED_DEVICE_FAMILY = "1,2";
			};
			name = Release;
		};
/* End XCBuildConfiguration section */

/* Begin XCConfigurationList section */
		A311C5B02F9C52AD00CA7838 /* Build configuration list for PBXProject "Movies" */ = {
			isa = XCConfigurationList;
			buildConfigurations = (
				A311C5D42F9C52AE00CA7838 /* Debug */,
				A311C5D52F9C52AE00CA7838 /* Release */,
			);
			defaultConfigurationIsVisible = 0;
			defaultConfigurationName = Release;
		};
		A311C5D62F9C52AE00CA7838 /* Build configuration list for PBXNativeTarget "Movies" */ = {
			isa = XCConfigurationList;
			buildConfigurations = (
				A311C5D72F9C52AE00CA7838 /* Debug */,
				A311C5D82F9C52AE00CA7838 /* Release */,
			);
			defaultConfigurationIsVisible = 0;
			defaultConfigurationName = Release;
		};
		A311C5D92F9C52AE00CA7838 /* Build configuration list for PBXNativeTarget "MoviesTests" */ = {
			isa = XCConfigurationList;
			buildConfigurations = (
				A311C5DA2F9C52AE00CA7838 /* Debug */,
				A311C5DB2F9C52AE00CA7838 /* Release */,
			);
			defaultConfigurationIsVisible = 0;
			defaultConfigurationName = Release;
		};
		A311C5DC2F9C52AE00CA7838 /* Build configuration list for PBXNativeTarget "MoviesUITests" */ = {
			isa = XCConfigurationList;
			buildConfigurations = (
				A311C5DD2F9C52AE00CA7838 /* Debug */,
				A311C5DE2F9C52AE00CA7838 /* Release */,
			);
			defaultConfigurationIsVisible = 0;
			defaultConfigurationName = Release;
		};
		A311C5F82F9C70D100CA7838 /* Build configuration list for PBXNativeTarget "TMDBTests" */ = {
			isa = XCConfigurationList;
			buildConfigurations = (
				A311C5F92F9C70D100CA7838 /* Debug */,
				A311C5FA2F9C70D100CA7838 /* Release */,
			);
			defaultConfigurationIsVisible = 0;
			defaultConfigurationName = Release;
		};
/* End XCConfigurationList section */

/* Begin XCLocalSwiftPackageReference section */
		B10000052F9D000000CA7838 /* XCLocalSwiftPackageReference "Packages/LoggingKit" */ = {
			isa = XCLocalSwiftPackageReference;
			relativePath = Packages/LoggingKit;
		};
		B10000022F9D000000CA7838 /* XCLocalSwiftPackageReference "Packages/TMDBKit" */ = {
			isa = XCLocalSwiftPackageReference;
			relativePath = Packages/TMDBKit;
		};
/* End XCLocalSwiftPackageReference section */

/* Begin XCSwiftPackageProductDependency section */
		B10000062F9D000000CA7838 /* LoggingKit */ = {
			isa = XCSwiftPackageProductDependency;
			package = B10000052F9D000000CA7838 /* XCLocalSwiftPackageReference "Packages/LoggingKit" */;
			productName = LoggingKit;
		};
		B10000032F9D000000CA7838 /* TMDBKit */ = {
			isa = XCSwiftPackageProductDependency;
			package = B10000022F9D000000CA7838 /* XCLocalSwiftPackageReference "Packages/TMDBKit" */;
			productName = TMDBKit;
		};
/* End XCSwiftPackageProductDependency section */
	};
	rootObject = A311C5AD2F9C52AD00CA7838 /* Project object */;
}
